
Microsoft Visual Studio Solution File, Format Version 12.00
# Visual Studio Version 16
VisualStudioVersion = 16.0.31019.35
MinimumVisualStudioVersion = 10.0.40219.1
Project("{8BC9CEB8-8B4A-11D0-8D11-00A0C91BC942}") = "AaronEngine", "AaronEngine\AaronEngine.vcxproj", "{9CEDB90D-3190-4ED8-90CF-4A9C49FC5EDB}"
EndProject
Project("{8BC9CEB8-8B4A-11D0-8D11-00A0C91BC942}") = "Sandbox", "Sandbox\Sandbox.vcxproj", "{A2861AEF-E311-461F-8980-C8F6BCA6C660}"
EndProject
Global
	GlobalSection(SolutionConfigurationPlatforms) = preSolution
		Debug|x64 = Debug|x64
		Debug|x86 = Debug|x86
		Release|x64 = Release|x64
		Release|x86 = Release|x86
	EndGlobalSection
	GlobalSection(ProjectConfigurationPlatforms) = postSolution
		{9CEDB90D-3190-4ED8-90CF-4A9C49FC5EDB}.Debug|x64.ActiveCfg = Debug|x64
		{9CEDB90D-3190-4ED8-90CF-4A9C49FC5EDB}.Debug|x64.Build.0 = Debug|x64
		{9CEDB90D-3190-4ED8-90CF-4A9C49FC5EDB}.Debug|x86.ActiveCfg = Debug|Win32
		{9CEDB90D-3190-4ED8-90CF-4A9C49FC5EDB}.Debug|x86.Build.0 = Debug|Win32
		{9CEDB90D-3190-4ED8-90CF-4A9C49FC5EDB}.Release|x64.ActiveCfg = Release|x64
		{9CEDB90D-3190-4ED8-90CF-4A9C49FC5EDB}.Release|x64.Build.0 = Release|x64
		{9CEDB90D-3190-4ED8-90CF-4A9C49FC5EDB}.Release|x86.ActiveCfg = Release|Win32
		{9CEDB90D-3190-4ED8-90CF-4A9C49FC5EDB}.Release|x86.Build.0 = Release|Win32
		{A2861AEF-E311-461F-8980-C8F6BCA6C660}.Debug|x64.ActiveCfg = Debug|x64
		{A2861AEF-E311-461F-8980-C8F6BCA6C660}.Debug|x64.Build.0 = Debug|x64
		{A2861AEF-E311-461F-8980-C8F6BCA6C660}.Debug|x86.ActiveCfg = Debug|Win32
		{A2861AEF-E311-461F-8980-C8F6BCA6C660}.Debug|x86.Build.0 = Debug|Win32
		{A2861AEF-E311-461F-8980-C8F6BCA6C660}.Release|x64.ActiveCfg = Release|x64
		{A2861AEF-E311-461F-8980-C8F6BCA6C660}.Release|x64.Build.0 = Release|x64
		{A2861AEF-E311-461F-8980-C8F6BCA6C660}.Release|x86.ActiveCfg = Release|Win32
		{A2861AEF-E311-461F-8980-C8F6BCA6C660}.Release|x86.Build.0 = Release|Win32
	EndGlobalSection
	GlobalSection(SolutionProperties) = preSolution
		HideSolutionNode = FALSE
	EndGlobalSection
	GlobalSection(ExtensibilityGlobals) = postSolution
		SolutionGuid = {AF7BD9BB-78E9-48F8-9F94-DB124B9E9BFD}
	EndGlobalSection
EndGlobal
